<?xml version="1.0" encoding="utf-8"?>
<Project ToolsVersion="4.0" xmlns="http://schemas.microsoft.com/developer/msbuild/2003">
  <ItemGroup>
    <Filter Include="源文件">
      <UniqueIdentifier>{4FC737F1-C7A5-4376-A066-2A32D752A2FF}</UniqueIdentifier>
      <Extensions>cpp;c;cc;cxx;c++;cppm;ixx;def;odl;idl;hpj;bat;asm;asmx</Extensions>
    </Filter>
    <Filter Include="头文件">
      <UniqueIdentifier>{93995380-89BD-4b04-88EB-625FBE52EBFB}</UniqueIdentifier>
      <Extensions>h;hh;hpp;hxx;h++;hm;inl;inc;ipp;xsd</Extensions>
    </Filter>
    <Filter Include="资源文件">
      <UniqueIdentifier>{67DA6AB6-F800-4c08-8B7A-83BB121AAD01}</UniqueIdentifier>
      <Extensions>rc;ico;cur;bmp;dlg;rc2;rct;bin;rgs;gif;jpg;jpeg;jpe;resx;tiff;tif;png;wav;mfcribbon-ms</Extensions>
    </Filter>
    <Filter Include="源文件\libgraphics">
      <UniqueIdentifier>{952a24df-f949-43ba-964e-d5f044673ee3}</UniqueIdentifier>
    </Filter>
    <Filter Include="头文件\libgraphics">
      <UniqueIdentifier>{8b84f663-2d50-4e7c-b20a-1802438b798f}</UniqueIdentifier>
    </Filter>
    <Filter Include="源文件\maze">
      <UniqueIdentifier>{367a50fb-6eec-4619-8893-06c40a58ec7e}</UniqueIdentifier>
    </Filter>
    <Filter Include="头文件\maze">
      <UniqueIdentifier>{db6af827-148d-4fab-89e3-7e2a0c1e6416}</UniqueIdentifier>
    </Filter>
    <Filter Include="头文件\simpleGUI">
      <UniqueIdentifier>{7c5bf259-23ae-4662-8eb9-0fa0a3fb4a49}</UniqueIdentifier>
    </Filter>
    <Filter Include="源文件\simpleGUI">
      <UniqueIdentifier>{020cf8b0-152c-43d0-9be0-f8a6414fd969}</UniqueIdentifier>
    </Filter>
  </ItemGroup>
  <ItemGroup>
    <ClCompile Include="src\libgraphics\exceptio.c">
      <Filter>源文件\libgraphics</Filter>
    </ClCompile>
    <ClCompile Include="src\libgraphics\genlib.c">
      <Filter>源文件\libgraphics</Filter>
    </ClCompile>
    <ClCompile Include="src\libgraphics\graphics.c">
      <Filter>源文件\libgraphics</Filter>
    </ClCompile>
    <ClCompile Include="src\libgraphics\linkedlist.c">
      <Filter>源文件\libgraphics</Filter>
    </ClCompile>
    <ClCompile Include="src\libgraphics\random.c">
      <Filter>源文件\libgraphics</Filter>
    </ClCompile>
    <ClCompile Include="src\libgraphics\simpio.c">
      <Filter>源文件\libgraphics</Filter>
    </ClCompile>
    <ClCompile Include="src\libgraphics\strlib.c">
      <Filter>源文件\libgraphics</Filter>
    </ClCompile>
    <ClCompile Include="main.c">
      <Filter>源文件</Filter>
    </ClCompile>
    <ClCompile Include="src\simpleGUI\imgui.c">
      <Filter>源文件\simpleGUI</Filter>
    </ClCompile>
    <ClCompile Include="showmaze.c">
      <Filter>源文件</Filter>
    </ClCompile>
    <ClCompile Include="maze.c">
      <Filter>源文件</Filter>
    </ClCompile>
  </ItemGroup>
  <ItemGroup>
    <ResourceCompile Include="C_Final.rc">
      <Filter>资源文件</Filter>
    </ResourceCompile>
  </ItemGroup>
  <ItemGroup>
    <ClInclude Include="src\libgraphics\boolean.h">
      <Filter>头文件\libgraphics</Filter>
    </ClInclude>
    <ClInclude Include="src\libgraphics\exception.h">
      <Filter>头文件\libgraphics</Filter>
    </ClInclude>
    <ClInclude Include="src\libgraphics\extgraph.h">
      <Filter>头文件\libgraphics</Filter>
    </ClInclude>
    <ClInclude Include="src\libgraphics\gcalloc.h">
      <Filter>头文件\libgraphics</Filter>
    </ClInclude>
    <ClInclude Include="src\libgraphics\genlib.h">
      <Filter>头文件\libgraphics</Filter>
    </ClInclude>
    <ClInclude Include="src\libgraphics\graphics.h">
      <Filter>头文件\libgraphics</Filter>
    </ClInclude>
    <ClInclude Include="src\libgraphics\linkedlist.h">
      <Filter>头文件\libgraphics</Filter>
    </ClInclude>
    <ClInclude Include="src\libgraphics\random.h">
      <Filter>头文件\libgraphics</Filter>
    </ClInclude>
    <ClInclude Include="src\libgraphics\simpio.h">
      <Filter>头文件\libgraphics</Filter>
    </ClInclude>
    <ClInclude Include="src\libgraphics\strlib.h">
      <Filter>头文件\libgraphics</Filter>
    </ClInclude>
    <ClInclude Include="src\simpleGUI\imgui.h">
      <Filter>头文件\simpleGUI</Filter>
    </ClInclude>
    <ClInclude Include="parameter.h">
      <Filter>头文件</Filter>
    </ClInclude>
    <ClInclude Include="maze.h">
      <Filter>头文件</Filter>
    </ClInclude>
    <ClInclude Include="showmaze.h">
      <Filter>头文件</Filter>
    </ClInclude>
  </ItemGroup>
</Project>